
Microsoft Visual Studio Solution File, Format Version 12.00
# Visual Studio Version 17
VisualStudioVersion = 17.14.36310.24
MinimumVisualStudioVersion = 10.0.40219.1
Project("{FAE04EC0-301F-11D3-BF4B-00C04F79EFBC}") = "CartorderApiPro", "CartorderApiPro.csproj", "{B2B10776-AB29-4FD7-9273-71B6D5A616D2}"
EndProject
Project("{FAE04EC0-301F-11D3-BF4B-00C04F79EFBC}") = "CartOrderApi.Tests", "tests\CartOrderApi.Tests\CartOrderApi.Tests.csproj", "{B13B57EA-8C79-4F85-AA52-D51997066D44}"
EndProject
Global
	GlobalSection(SolutionConfigurationPlatforms) = preSolution
		Debug|Any CPU = Debug|Any CPU
		Release|Any CPU = Release|Any CPU
	EndGlobalSection
	GlobalSection(ProjectConfigurationPlatforms) = postSolution
		{B2B10776-AB29-4FD7-9273-71B6D5A616D2}.Debug|Any CPU.ActiveCfg = Debug|Any CPU
		{B2B10776-AB29-4FD7-9273-71B6D5A616D2}.Debug|Any CPU.Build.0 = Debug|Any CPU
		{B2B10776-AB29-4FD7-9273-71B6D5A616D2}.Release|Any CPU.ActiveCfg = Release|Any CPU
		{B2B10776-AB29-4FD7-9273-71B6D5A616D2}.Release|Any CPU.Build.0 = Release|Any CPU
		{B13B57EA-8C79-4F85-AA52-D51997066D44}.Debug|Any CPU.ActiveCfg = Debug|Any CPU
		{B13B57EA-8C79-4F85-AA52-D51997066D44}.Debug|Any CPU.Build.0 = Debug|Any CPU
		{B13B57EA-8C79-4F85-AA52-D51997066D44}.Release|Any CPU.ActiveCfg = Release|Any CPU
		{B13B57EA-8C79-4F85-AA52-D51997066D44}.Release|Any CPU.Build.0 = Release|Any CPU
	EndGlobalSection
	GlobalSection(SolutionProperties) = preSolution
		HideSolutionNode = FALSE
	EndGlobalSection
	GlobalSection(ExtensibilityGlobals) = postSolution
		SolutionGuid = {360B7949-3B5F-4305-8E70-3D1AD42A6737}
	EndGlobalSection
EndGlobal
